
Microsoft Visual Studio Solution File, Format Version 12.00
# Visual Studio Version 17
VisualStudioVersion = 17.11.35327.3
MinimumVisualStudioVersion = 10.0.40219.1
Project("{FAE04EC0-301F-11D3-BF4B-00C04F79EFBC}") = "CatalogProject", "CatalogProject.csproj", "{9F08CB90-1CE3-488F-BFBB-45D23E8A505B}"
EndProject
Project("{FAE04EC0-301F-11D3-BF4B-00C04F79EFBC}") = "CatalogProjectForms", "..\CatalogProjectForms\CatalogProjectForms.csproj", "{B194965C-706A-49DC-913A-B2606B03E34F}"
EndProject
Global
	GlobalSection(SolutionConfigurationPlatforms) = preSolution
		Debug|Any CPU = Debug|Any CPU
		Release|Any CPU = Release|Any CPU
	EndGlobalSection
	GlobalSection(ProjectConfigurationPlatforms) = postSolution
		{9F08CB90-1CE3-488F-BFBB-45D23E8A505B}.Debug|Any CPU.ActiveCfg = Debug|Any CPU
		{9F08CB90-1CE3-488F-BFBB-45D23E8A505B}.Debug|Any CPU.Build.0 = Debug|Any CPU
		{9F08CB90-1CE3-488F-BFBB-45D23E8A505B}.Release|Any CPU.ActiveCfg = Release|Any CPU
		{9F08CB90-1CE3-488F-BFBB-45D23E8A505B}.Release|Any CPU.Build.0 = Release|Any CPU
		{B194965C-706A-49DC-913A-B2606B03E34F}.Debug|Any CPU.ActiveCfg = Debug|Any CPU
		{B194965C-706A-49DC-913A-B2606B03E34F}.Debug|Any CPU.Build.0 = Debug|Any CPU
		{B194965C-706A-49DC-913A-B2606B03E34F}.Release|Any CPU.ActiveCfg = Release|Any CPU
		{B194965C-706A-49DC-913A-B2606B03E34F}.Release|Any CPU.Build.0 = Release|Any CPU
	EndGlobalSection
	GlobalSection(SolutionProperties) = preSolution
		HideSolutionNode = FALSE
	EndGlobalSection
	GlobalSection(ExtensibilityGlobals) = postSolution
		SolutionGuid = {332B6DBA-38EA-4ACF-833D-05900C22EC22}
	EndGlobalSection
EndGlobal
